// !$*UTF8*$!
{
	archiveVersion = 1;
	classes = {
	};
	objectVersion = 56;
	objects = {

/* Begin PBXBuildFile section */
		B136CA022C1E639100A23278 /* DataModel.swift in Sources */ = {isa = PBXBuildFile; fileRef = B136CA012C1E639100A23278 /* DataModel.swift */; };
		B136CA042C1E692700A23278 /* StockListView.swift in Sources */ = {isa = PBXBuildFile; fileRef = B136CA032C1E692700A23278 /* StockListView.swift */; };
		B136CA062C1E697A00A23278 /* StockDetailView.swift in Sources */ = {isa = PBXBuildFile; fileRef = B136CA052C1E697A00A23278 /* StockDetailView.swift */; };
		B136CA082C1E6A9600A23278 /* AddingNewStockView.swift in Sources */ = {isa = PBXBuildFile; fileRef = B136CA072C1E6A9600A23278 /* AddingNewStockView.swift */; };
		B136CA0A2C227BDE00A23278 /* GoogleService-Info.plist in Resources */ = {isa = PBXBuildFile; fileRef = B136CA092C227BDE00A23278 /* GoogleService-Info.plist */; };
		B136CA1A2C23841B00A23278 /* Authentication.swift in Sources */ = {isa = PBXBuildFile; fileRef = B136CA192C23841B00A23278 /* Authentication.swift */; };
		B136CA1C2C23845300A23278 /* Extensions.swift in Sources */ = {isa = PBXBuildFile; fileRef = B136CA1B2C23845300A23278 /* Extensions.swift */; };
		B136CA1E2C23853A00A23278 /* FirebaseService.swift in Sources */ = {isa = PBXBuildFile; fileRef = B136CA1D2C23853A00A23278 /* FirebaseService.swift */; };
		B136CA202C2387B800A23278 /* SignInView.swift in Sources */ = {isa = PBXBuildFile; fileRef = B136CA1F2C2387B800A23278 /* SignInView.swift */; };
		B136CA222C23A82D00A23278 /* SettingsView.swift in Sources */ = {isa = PBXBuildFile; fileRef = B136CA212C23A82D00A23278 /* SettingsView.swift */; };
		B136CA242C23A83D00A23278 /* ProfileView.swift in Sources */ = {isa = PBXBuildFile; fileRef = B136CA232C23A83D00A23278 /* ProfileView.swift */; };
		B136CA262C23A86500A23278 /* ButtonStyles.swift in Sources */ = {isa = PBXBuildFile; fileRef = B136CA252C23A86500A23278 /* ButtonStyles.swift */; };
		B136CA282C23A93700A23278 /* StorageService.swift in Sources */ = {isa = PBXBuildFile; fileRef = B136CA272C23A93700A23278 /* StorageService.swift */; };
		B136CA412C24FC3400A23278 /* PortfolioService.swift in Sources */ = {isa = PBXBuildFile; fileRef = B136CA402C24FC3400A23278 /* PortfolioService.swift */; };
		B136CA432C28F2B100A23278 /* TotalsView.swift in Sources */ = {isa = PBXBuildFile; fileRef = B136CA422C28F2B100A23278 /* TotalsView.swift */; };
		B136CA4B2C2917AA00A23278 /* FirebaseAuth in Frameworks */ = {isa = PBXBuildFile; productRef = B136CA4A2C2917AA00A23278 /* FirebaseAuth */; };
		B136CA4D2C2917AA00A23278 /* FirebaseFirestore in Frameworks */ = {isa = PBXBuildFile; productRef = B136CA4C2C2917AA00A23278 /* FirebaseFirestore */; };
		B136CA4F2C2917AA00A23278 /* FirebaseStorage in Frameworks */ = {isa = PBXBuildFile; productRef = B136CA4E2C2917AA00A23278 /* FirebaseStorage */; };
		B14694AA2C3A086100B3C8FE /* AllocationAndModelView.swift in Sources */ = {isa = PBXBuildFile; fileRef = B14694A92C3A086100B3C8FE /* AllocationAndModelView.swift */; };
		B14694AD2C3A08F700B3C8FE /* SwiftSoup in Frameworks */ = {isa = PBXBuildFile; productRef = B14694AC2C3A08F700B3C8FE /* SwiftSoup */; };
		B151C64B2CC9A054003329BA /* SettingService.swift in Sources */ = {isa = PBXBuildFile; fileRef = B151C64A2CC9A054003329BA /* SettingService.swift */; };
		B151C64D2CCB0DAC003329BA /* SearchService.swift in Sources */ = {isa = PBXBuildFile; fileRef = B151C64C2CCB0DAC003329BA /* SearchService.swift */; };
		B178406A2C40AC9B00B55B96 /* AllocationToolView.swift in Sources */ = {isa = PBXBuildFile; fileRef = B17840692C40AC9B00B55B96 /* AllocationToolView.swift */; };
		B178406C2C41EC0200B55B96 /* ModelPortfolioView.swift in Sources */ = {isa = PBXBuildFile; fileRef = B178406B2C41EC0200B55B96 /* ModelPortfolioView.swift */; };
		B18432A12C4C726600781E04 /* DividendEditView.swift in Sources */ = {isa = PBXBuildFile; fileRef = B18432A02C4C726600781E04 /* DividendEditView.swift */; };
		B18432A32C4CB03F00781E04 /* DividendCreateView.swift in Sources */ = {isa = PBXBuildFile; fileRef = B18432A22C4CB03F00781E04 /* DividendCreateView.swift */; };
		B18432A72C4EE09600781E04 /* AppNavigationState.swift in Sources */ = {isa = PBXBuildFile; fileRef = B18432A62C4EE09600781E04 /* AppNavigationState.swift */; };
		B18432A92C587DA200781E04 /* GrowClubPortfolioView.swift in Sources */ = {isa = PBXBuildFile; fileRef = B18432A82C587DA200781E04 /* GrowClubPortfolioView.swift */; };
		B18432AB2C59DFC300781E04 /* ManageSymbolsView.swift in Sources */ = {isa = PBXBuildFile; fileRef = B18432AA2C59DFC300781E04 /* ManageSymbolsView.swift */; };
		B18432AD2C61540F00781E04 /* AddSymbolView.swift in Sources */ = {isa = PBXBuildFile; fileRef = B18432AC2C61540F00781E04 /* AddSymbolView.swift */; };
		B18432AF2C61561700781E04 /* ListSymbolsView.swift in Sources */ = {isa = PBXBuildFile; fileRef = B18432AE2C61561700781E04 /* ListSymbolsView.swift */; };
		B18432B12C619A0200781E04 /* DeleteSymbolView.swift in Sources */ = {isa = PBXBuildFile; fileRef = B18432B02C619A0200781E04 /* DeleteSymbolView.swift */; };
		B18432B42C619BFA00781E04 /* EditSymbolsView.swift in Sources */ = {isa = PBXBuildFile; fileRef = B18432B32C619BFA00781E04 /* EditSymbolsView.swift */; };
		B18B321A2C3CC410006661E0 /* GetPlatinumGrowthData.swift in Sources */ = {isa = PBXBuildFile; fileRef = B18B32192C3CC410006661E0 /* GetPlatinumGrowthData.swift */; };
		B18B321C2C3CCD11006661E0 /* PlatinumGrowthModel.swift in Sources */ = {isa = PBXBuildFile; fileRef = B18B321B2C3CCD11006661E0 /* PlatinumGrowthModel.swift */; };
		B1C51BDE2C3CD535004FA294 /* DisplayModelPortfolioView.swift in Sources */ = {isa = PBXBuildFile; fileRef = B1C51BDD2C3CD535004FA294 /* DisplayModelPortfolioView.swift */; };
		B1FD8AD92C1A5C89000D0F37 /* PlatinumApp.swift in Sources */ = {isa = PBXBuildFile; fileRef = B1FD8AD82C1A5C89000D0F37 /* PlatinumApp.swift */; };
		B1FD8ADB2C1A5C89000D0F37 /* ContentView.swift in Sources */ = {isa = PBXBuildFile; fileRef = B1FD8ADA2C1A5C89000D0F37 /* ContentView.swift */; };
		B1FD8ADD2C1A5C8A000D0F37 /* Assets.xcassets in Resources */ = {isa = PBXBuildFile; fileRef = B1FD8ADC2C1A5C8A000D0F37 /* Assets.xcassets */; };
		B1FD8AE12C1A5C8A000D0F37 /* Preview Assets.xcassets in Resources */ = {isa = PBXBuildFile; fileRef = B1FD8AE02C1A5C8A000D0F37 /* Preview Assets.xcassets */; };
		B1FD8AE82C1A5CFD000D0F37 /* NetworkService.swift in Sources */ = {isa = PBXBuildFile; fileRef = B1FD8AE72C1A5CFD000D0F37 /* NetworkService.swift */; };
/* End PBXBuildFile section */

/* Begin PBXFileReference section */
		B136CA012C1E639100A23278 /* DataModel.swift */ = {isa = PBXFileReference; fileEncoding = 4; lastKnownFileType = sourcecode.swift; path = DataModel.swift; sourceTree = "<group>"; };
		B136CA032C1E692700A23278 /* StockListView.swift */ = {isa = PBXFileReference; fileEncoding = 4; lastKnownFileType = sourcecode.swift; path = StockListView.swift; sourceTree = "<group>"; };
		B136CA052C1E697A00A23278 /* StockDetailView.swift */ = {isa = PBXFileReference; fileEncoding = 4; lastKnownFileType = sourcecode.swift; path = StockDetailView.swift; sourceTree = "<group>"; };
		B136CA072C1E6A9600A23278 /* AddingNewStockView.swift */ = {isa = PBXFileReference; fileEncoding = 4; lastKnownFileType = sourcecode.swift; path = AddingNewStockView.swift; sourceTree = "<group>"; };
		B136CA092C227BDE00A23278 /* GoogleService-Info.plist */ = {isa = PBXFileReference; fileEncoding = 4; lastKnownFileType = text.plist.xml; path = "GoogleService-Info.plist"; sourceTree = "<group>"; };
		B136CA192C23841B00A23278 /* Authentication.swift */ = {isa = PBXFileReference; fileEncoding = 4; lastKnownFileType = sourcecode.swift; path = Authentication.swift; sourceTree = "<group>"; };
		B136CA1B2C23845300A23278 /* Extensions.swift */ = {isa = PBXFileReference; fileEncoding = 4; lastKnownFileType = sourcecode.swift; path = Extensions.swift; sourceTree = "<group>"; };
		B136CA1D2C23853A00A23278 /* FirebaseService.swift */ = {isa = PBXFileReference; fileEncoding = 4; lastKnownFileType = sourcecode.swift; path = FirebaseService.swift; sourceTree = "<group>"; };
		B136CA1F2C2387B800A23278 /* SignInView.swift */ = {isa = PBXFileReference; fileEncoding = 4; lastKnownFileType = sourcecode.swift; path = SignInView.swift; sourceTree = "<group>"; };
		B136CA212C23A82D00A23278 /* SettingsView.swift */ = {isa = PBXFileReference; fileEncoding = 4; lastKnownFileType = sourcecode.swift; path = SettingsView.swift; sourceTree = "<group>"; };
		B136CA232C23A83D00A23278 /* ProfileView.swift */ = {isa = PBXFileReference; fileEncoding = 4; lastKnownFileType = sourcecode.swift; path = ProfileView.swift; sourceTree = "<group>"; };
		B136CA252C23A86500A23278 /* ButtonStyles.swift */ = {isa = PBXFileReference; fileEncoding = 4; lastKnownFileType = sourcecode.swift; path = ButtonStyles.swift; sourceTree = "<group>"; };
		B136CA272C23A93700A23278 /* StorageService.swift */ = {isa = PBXFileReference; fileEncoding = 4; lastKnownFileType = sourcecode.swift; path = StorageService.swift; sourceTree = "<group>"; };
		B136CA402C24FC3400A23278 /* PortfolioService.swift */ = {isa = PBXFileReference; lastKnownFileType = sourcecode.swift; path = PortfolioService.swift; sourceTree = "<group>"; };
		B136CA422C28F2B100A23278 /* TotalsView.swift */ = {isa = PBXFileReference; lastKnownFileType = sourcecode.swift; path = TotalsView.swift; sourceTree = "<group>"; };
		B136CA502C2A377700A23278 /* PrivacyInfo.xcprivacy */ = {isa = PBXFileReference; lastKnownFileType = text.xml; path = PrivacyInfo.xcprivacy; sourceTree = "<group>"; };
		B14694A92C3A086100B3C8FE /* AllocationAndModelView.swift */ = {isa = PBXFileReference; lastKnownFileType = sourcecode.swift; path = AllocationAndModelView.swift; sourceTree = "<group>"; };
		B151C64A2CC9A054003329BA /* SettingService.swift */ = {isa = PBXFileReference; lastKnownFileType = sourcecode.swift; path = SettingService.swift; sourceTree = "<group>"; };
		B151C64C2CCB0DAC003329BA /* SearchService.swift */ = {isa = PBXFileReference; lastKnownFileType = sourcecode.swift; path = SearchService.swift; sourceTree = "<group>"; };
		B17840692C40AC9B00B55B96 /* AllocationToolView.swift */ = {isa = PBXFileReference; lastKnownFileType = sourcecode.swift; path = AllocationToolView.swift; sourceTree = "<group>"; };
		B178406B2C41EC0200B55B96 /* ModelPortfolioView.swift */ = {isa = PBXFileReference; lastKnownFileType = sourcecode.swift; path = ModelPortfolioView.swift; sourceTree = "<group>"; };
		B18432A02C4C726600781E04 /* DividendEditView.swift */ = {isa = PBXFileReference; lastKnownFileType = sourcecode.swift; path = DividendEditView.swift; sourceTree = "<group>"; };
		B18432A22C4CB03F00781E04 /* DividendCreateView.swift */ = {isa = PBXFileReference; lastKnownFileType = sourcecode.swift; path = DividendCreateView.swift; sourceTree = "<group>"; };
		B18432A62C4EE09600781E04 /* AppNavigationState.swift */ = {isa = PBXFileReference; lastKnownFileType = sourcecode.swift; path = AppNavigationState.swift; sourceTree = "<group>"; };
		B18432A82C587DA200781E04 /* GrowClubPortfolioView.swift */ = {isa = PBXFileReference; lastKnownFileType = sourcecode.swift; path = GrowClubPortfolioView.swift; sourceTree = "<group>"; };
		B18432AA2C59DFC300781E04 /* ManageSymbolsView.swift */ = {isa = PBXFileReference; lastKnownFileType = sourcecode.swift; path = ManageSymbolsView.swift; sourceTree = "<group>"; };
		B18432AC2C61540F00781E04 /* AddSymbolView.swift */ = {isa = PBXFileReference; lastKnownFileType = sourcecode.swift; path = AddSymbolView.swift; sourceTree = "<group>"; };
		B18432AE2C61561700781E04 /* ListSymbolsView.swift */ = {isa = PBXFileReference; lastKnownFileType = sourcecode.swift; path = ListSymbolsView.swift; sourceTree = "<group>"; };
		B18432B02C619A0200781E04 /* DeleteSymbolView.swift */ = {isa = PBXFileReference; lastKnownFileType = sourcecode.swift; path = DeleteSymbolView.swift; sourceTree = "<group>"; };
		B18432B32C619BFA00781E04 /* EditSymbolsView.swift */ = {isa = PBXFileReference; lastKnownFileType = sourcecode.swift; path = EditSymbolsView.swift; sourceTree = "<group>"; };
		B18B32192C3CC410006661E0 /* GetPlatinumGrowthData.swift */ = {isa = PBXFileReference; lastKnownFileType = sourcecode.swift; path = GetPlatinumGrowthData.swift; sourceTree = "<group>"; };
		B18B321B2C3CCD11006661E0 /* PlatinumGrowthModel.swift */ = {isa = PBXFileReference; lastKnownFileType = sourcecode.swift; path = PlatinumGrowthModel.swift; sourceTree = "<group>"; };
		B1C51BDD2C3CD535004FA294 /* DisplayModelPortfolioView.swift */ = {isa = PBXFileReference; lastKnownFileType = sourcecode.swift; path = DisplayModelPortfolioView.swift; sourceTree = "<group>"; };
		B1FD8AD52C1A5C89000D0F37 /* Platinum.app */ = {isa = PBXFileReference; explicitFileType = wrapper.application; includeInIndex = 0; path = Platinum.app; sourceTree = BUILT_PRODUCTS_DIR; };
		B1FD8AD82C1A5C89000D0F37 /* PlatinumApp.swift */ = {isa = PBXFileReference; lastKnownFileType = sourcecode.swift; path = PlatinumApp.swift; sourceTree = "<group>"; };
		B1FD8ADA2C1A5C89000D0F37 /* ContentView.swift */ = {isa = PBXFileReference; lastKnownFileType = sourcecode.swift; path = ContentView.swift; sourceTree = "<group>"; };
		B1FD8ADC2C1A5C8A000D0F37 /* Assets.xcassets */ = {isa = PBXFileReference; lastKnownFileType = folder.assetcatalog; path = Assets.xcassets; sourceTree = "<group>"; };
		B1FD8ADE2C1A5C8A000D0F37 /* Platinum.entitlements */ = {isa = PBXFileReference; lastKnownFileType = text.plist.entitlements; path = Platinum.entitlements; sourceTree = "<group>"; };
		B1FD8AE02C1A5C8A000D0F37 /* Preview Assets.xcassets */ = {isa = PBXFileReference; lastKnownFileType = folder.assetcatalog; path = "Preview Assets.xcassets"; sourceTree = "<group>"; };
		B1FD8AE72C1A5CFD000D0F37 /* NetworkService.swift */ = {isa = PBXFileReference; lastKnownFileType = sourcecode.swift; path = NetworkService.swift; sourceTree = "<group>"; };
/* End PBXFileReference section */

/* Begin PBXFrameworksBuildPhase section */
		B1FD8AD22C1A5C88000D0F37 /* Frameworks */ = {
			isa = PBXFrameworksBuildPhase;
			buildActionMask = 2147483647;
			files = (
				B136CA4B2C2917AA00A23278 /* FirebaseAuth in Frameworks */,
				B14694AD2C3A08F700B3C8FE /* SwiftSoup in Frameworks */,
				B136CA4D2C2917AA00A23278 /* FirebaseFirestore in Frameworks */,
				B136CA4F2C2917AA00A23278 /* FirebaseStorage in Frameworks */,
			);
			runOnlyForDeploymentPostprocessing = 0;
		};
/* End PBXFrameworksBuildPhase section */

/* Begin PBXGroup section */
		B136CA182C2383D000A23278 /* Services */ = {
			isa = PBXGroup;
			children = (
				B136CA192C23841B00A23278 /* Authentication.swift */,
				B136CA012C1E639100A23278 /* DataModel.swift */,
				B136CA1D2C23853A00A23278 /* FirebaseService.swift */,
				B1FD8AE72C1A5CFD000D0F37 /* NetworkService.swift */,
				B136CA272C23A93700A23278 /* StorageService.swift */,
				B136CA402C24FC3400A23278 /* PortfolioService.swift */,
				B151C64A2CC9A054003329BA /* SettingService.swift */,
				B18B321B2C3CCD11006661E0 /* PlatinumGrowthModel.swift */,
				B151C64C2CCB0DAC003329BA /* SearchService.swift */,
			);
			path = Services;
			sourceTree = "<group>";
		};
		B1FD8ACC2C1A5C88000D0F37 = {
			isa = PBXGroup;
			children = (
				B1FD8AD72C1A5C89000D0F37 /* Platinum */,
				B1FD8AD62C1A5C89000D0F37 /* Products */,
			);
			sourceTree = "<group>";
		};
		B1FD8AD62C1A5C89000D0F37 /* Products */ = {
			isa = PBXGroup;
			children = (
				B1FD8AD52C1A5C89000D0F37 /* Platinum.app */,
			);
			name = Products;
			sourceTree = "<group>";
		};
		B1FD8AD72C1A5C89000D0F37 /* Platinum */ = {
			isa = PBXGroup;
			children = (
				B136CA182C2383D000A23278 /* Services */,
				B1FD8AD82C1A5C89000D0F37 /* PlatinumApp.swift */,
				B136CA1F2C2387B800A23278 /* SignInView.swift */,
				B18432A62C4EE09600781E04 /* AppNavigationState.swift */,
				B1FD8ADA2C1A5C89000D0F37 /* ContentView.swift */,
				B136CA032C1E692700A23278 /* StockListView.swift */,
				B136CA052C1E697A00A23278 /* StockDetailView.swift */,
				B18432A22C4CB03F00781E04 /* DividendCreateView.swift */,
				B18432A02C4C726600781E04 /* DividendEditView.swift */,
				B136CA072C1E6A9600A23278 /* AddingNewStockView.swift */,
				B1C51BDD2C3CD535004FA294 /* DisplayModelPortfolioView.swift */,
				B17840692C40AC9B00B55B96 /* AllocationToolView.swift */,
				B178406B2C41EC0200B55B96 /* ModelPortfolioView.swift */,
				B18B32192C3CC410006661E0 /* GetPlatinumGrowthData.swift */,
				B14694A92C3A086100B3C8FE /* AllocationAndModelView.swift */,
				B18432A82C587DA200781E04 /* GrowClubPortfolioView.swift */,
				B136CA232C23A83D00A23278 /* ProfileView.swift */,
				B136CA212C23A82D00A23278 /* SettingsView.swift */,
				B18432AA2C59DFC300781E04 /* ManageSymbolsView.swift */,
				B18432AE2C61561700781E04 /* ListSymbolsView.swift */,
				B18432B32C619BFA00781E04 /* EditSymbolsView.swift */,
				B18432AC2C61540F00781E04 /* AddSymbolView.swift */,
				B18432B02C619A0200781E04 /* DeleteSymbolView.swift */,
				B136CA422C28F2B100A23278 /* TotalsView.swift */,
				B136CA1B2C23845300A23278 /* Extensions.swift */,
				B136CA252C23A86500A23278 /* ButtonStyles.swift */,
				B136CA502C2A377700A23278 /* PrivacyInfo.xcprivacy */,
				B136CA092C227BDE00A23278 /* GoogleService-Info.plist */,
				B1FD8ADC2C1A5C8A000D0F37 /* Assets.xcassets */,
				B1FD8ADE2C1A5C8A000D0F37 /* Platinum.entitlements */,
				B1FD8ADF2C1A5C8A000D0F37 /* Preview Content */,
			);
			path = Platinum;
			sourceTree = "<group>";
		};
		B1FD8ADF2C1A5C8A000D0F37 /* Preview Content */ = {
			isa = PBXGroup;
			children = (
				B1FD8AE02C1A5C8A000D0F37 /* Preview Assets.xcassets */,
			);
			path = "Preview Content";
			sourceTree = "<group>";
		};
/* End PBXGroup section */

/* Begin PBXNativeTarget section */
		B1FD8AD42C1A5C88000D0F37 /* Platinum */ = {
			isa = PBXNativeTarget;
			buildConfigurationList = B1FD8AE42C1A5C8A000D0F37 /* Build configuration list for PBXNativeTarget "Platinum" */;
			buildPhases = (
				B1FD8AD12C1A5C88000D0F37 /* Sources */,
				B1FD8AD22C1A5C88000D0F37 /* Frameworks */,
				B1FD8AD32C1A5C88000D0F37 /* Resources */,
			);
			buildRules = (
			);
			dependencies = (
			);
			name = Platinum;
			packageProductDependencies = (
				B136CA4A2C2917AA00A23278 /* FirebaseAuth */,
				B136CA4C2C2917AA00A23278 /* FirebaseFirestore */,
				B136CA4E2C2917AA00A23278 /* FirebaseStorage */,
				B14694AC2C3A08F700B3C8FE /* SwiftSoup */,
			);
			productName = Platinum;
			productReference = B1FD8AD52C1A5C89000D0F37 /* Platinum.app */;
			productType = "com.apple.product-type.application";
		};
/* End PBXNativeTarget section */

/* Begin PBXProject section */
		B1FD8ACD2C1A5C88000D0F37 /* Project object */ = {
			isa = PBXProject;
			attributes = {
				BuildIndependentTargetsInParallel = 1;
				LastSwiftUpdateCheck = 1540;
				LastUpgradeCheck = 1600;
				TargetAttributes = {
					B1FD8AD42C1A5C88000D0F37 = {
						CreatedOnToolsVersion = 15.4;
					};
				};
			};
			buildConfigurationList = B1FD8AD02C1A5C88000D0F37 /* Build configuration list for PBXProject "Platinum" */;
			compatibilityVersion = "Xcode 14.0";
			developmentRegion = en;
			hasScannedForEncodings = 0;
			knownRegions = (
				en,
				Base,
			);
			mainGroup = B1FD8ACC2C1A5C88000D0F37;
			packageReferences = (
				B136CA492C2917AA00A23278 /* XCRemoteSwiftPackageReference "firebase-ios-sdk" */,
				B14694AB2C3A08F700B3C8FE /* XCRemoteSwiftPackageReference "SwiftSoup" */,
			);
			productRefGroup = B1FD8AD62C1A5C89000D0F37 /* Products */;
			projectDirPath = "";
			projectRoot = "";
			targets = (
				B1FD8AD42C1A5C88000D0F37 /* Platinum */,
			);
		};
/* End PBXProject section */

/* Begin PBXResourcesBuildPhase section */
		B1FD8AD32C1A5C88000D0F37 /* Resources */ = {
			isa = PBXResourcesBuildPhase;
			buildActionMask = 2147483647;
			files = (
				B1FD8AE12C1A5C8A000D0F37 /* Preview Assets.xcassets in Resources */,
				B1FD8ADD2C1A5C8A000D0F37 /* Assets.xcassets in Resources */,
				B136CA0A2C227BDE00A23278 /* GoogleService-Info.plist in Resources */,
			);
			runOnlyForDeploymentPostprocessing = 0;
		};
/* End PBXResourcesBuildPhase section */

/* Begin PBXSourcesBuildPhase section */
		B1FD8AD12C1A5C88000D0F37 /* Sources */ = {
			isa = PBXSourcesBuildPhase;
			buildActionMask = 2147483647;
			files = (
				B136CA062C1E697A00A23278 /* StockDetailView.swift in Sources */,
				B18432A12C4C726600781E04 /* DividendEditView.swift in Sources */,
				B18432AF2C61561700781E04 /* ListSymbolsView.swift in Sources */,
				B136CA082C1E6A9600A23278 /* AddingNewStockView.swift in Sources */,
				B18B321A2C3CC410006661E0 /* GetPlatinumGrowthData.swift in Sources */,
				B151C64D2CCB0DAC003329BA /* SearchService.swift in Sources */,
				B136CA1E2C23853A00A23278 /* FirebaseService.swift in Sources */,
				B1FD8ADB2C1A5C89000D0F37 /* ContentView.swift in Sources */,
				B1FD8AE82C1A5CFD000D0F37 /* NetworkService.swift in Sources */,
				B136CA282C23A93700A23278 /* StorageService.swift in Sources */,
				B136CA022C1E639100A23278 /* DataModel.swift in Sources */,
				B136CA202C2387B800A23278 /* SignInView.swift in Sources */,
				B136CA1C2C23845300A23278 /* Extensions.swift in Sources */,
				B18B321C2C3CCD11006661E0 /* PlatinumGrowthModel.swift in Sources */,
				B1FD8AD92C1A5C89000D0F37 /* PlatinumApp.swift in Sources */,
				B18432A92C587DA200781E04 /* GrowClubPortfolioView.swift in Sources */,
				B178406A2C40AC9B00B55B96 /* AllocationToolView.swift in Sources */,
				B136CA042C1E692700A23278 /* StockListView.swift in Sources */,
				B136CA1A2C23841B00A23278 /* Authentication.swift in Sources */,
				B136CA242C23A83D00A23278 /* ProfileView.swift in Sources */,
				B18432A72C4EE09600781E04 /* AppNavigationState.swift in Sources */,
				B18432AB2C59DFC300781E04 /* ManageSymbolsView.swift in Sources */,
				B14694AA2C3A086100B3C8FE /* AllocationAndModelView.swift in Sources */,
				B178406C2C41EC0200B55B96 /* ModelPortfolioView.swift in Sources */,
				B136CA412C24FC3400A23278 /* PortfolioService.swift in Sources */,
				B18432AD2C61540F00781E04 /* AddSymbolView.swift in Sources */,
				B18432A32C4CB03F00781E04 /* DividendCreateView.swift in Sources */,
				B18432B42C619BFA00781E04 /* EditSymbolsView.swift in Sources */,
				B151C64B2CC9A054003329BA /* SettingService.swift in Sources */,
				B18432B12C619A0200781E04 /* DeleteSymbolView.swift in Sources */,
				B1C51BDE2C3CD535004FA294 /* DisplayModelPortfolioView.swift in Sources */,
				B136CA432C28F2B100A23278 /* TotalsView.swift in Sources */,
				B136CA262C23A86500A23278 /* ButtonStyles.swift in Sources */,
				B136CA222C23A82D00A23278 /* SettingsView.swift in Sources */,
			);
			runOnlyForDeploymentPostprocessing = 0;
		};
/* End PBXSourcesBuildPhase section */

/* Begin XCBuildConfiguration section */
		B1FD8AE22C1A5C8A000D0F37 /* Debug */ = {
			isa = XCBuildConfiguration;
			buildSettings = {
				ALWAYS_SEARCH_USER_PATHS = NO;
				ASSETCATALOG_COMPILER_GENERATE_SWIFT_ASSET_SYMBOL_EXTENSIONS = YES;
				CLANG_ANALYZER_NONNULL = YES;
				CLANG_ANALYZER_NUMBER_OBJECT_CONVERSION = YES_AGGRESSIVE;
				CLANG_CXX_LANGUAGE_STANDARD = "gnu++20";
				CLANG_ENABLE_MODULES = YES;
				CLANG_ENABLE_OBJC_ARC = YES;
				CLANG_ENABLE_OBJC_WEAK = YES;
				CLANG_WARN_BLOCK_CAPTURE_AUTORELEASING = YES;
				CLANG_WARN_BOOL_CONVERSION = YES;
				CLANG_WARN_COMMA = YES;
				CLANG_WARN_CONSTANT_CONVERSION = YES;
				CLANG_WARN_DEPRECATED_OBJC_IMPLEMENTATIONS = YES;
				CLANG_WARN_DIRECT_OBJC_ISA_USAGE = YES_ERROR;
				CLANG_WARN_DOCUMENTATION_COMMENTS = YES;
				CLANG_WARN_EMPTY_BODY = YES;
				CLANG_WARN_ENUM_CONVERSION = YES;
				CLANG_WARN_INFINITE_RECURSION = YES;
				CLANG_WARN_INT_CONVERSION = YES;
				CLANG_WARN_NON_LITERAL_NULL_CONVERSION = YES;
				CLANG_WARN_OBJC_IMPLICIT_RETAIN_SELF = YES;
				CLANG_WARN_OBJC_LITERAL_CONVERSION = YES;
				CLANG_WARN_OBJC_ROOT_CLASS = YES_ERROR;
				CLANG_WARN_QUOTED_INCLUDE_IN_FRAMEWORK_HEADER = YES;
				CLANG_WARN_RANGE_LOOP_ANALYSIS = YES;
				CLANG_WARN_STRICT_PROTOTYPES = YES;
				CLANG_WARN_SUSPICIOUS_MOVE = YES;
				CLANG_WARN_UNGUARDED_AVAILABILITY = YES_AGGRESSIVE;
				CLANG_WARN_UNREACHABLE_CODE = YES;
				CLANG_WARN__DUPLICATE_METHOD_MATCH = YES;
				COPY_PHASE_STRIP = NO;
				DEAD_CODE_STRIPPING = YES;
				DEBUG_INFORMATION_FORMAT = dwarf;
				ENABLE_STRICT_OBJC_MSGSEND = YES;
				ENABLE_TESTABILITY = YES;
				ENABLE_USER_SCRIPT_SANDBOXING = YES;
				GCC_C_LANGUAGE_STANDARD = gnu17;
				GCC_DYNAMIC_NO_PIC = NO;
				GCC_NO_COMMON_BLOCKS = YES;
				GCC_OPTIMIZATION_LEVEL = 0;
				GCC_PREPROCESSOR_DEFINITIONS = (
					"DEBUG=1",
					"$(inherited)",
				);
				GCC_WARN_64_TO_32_BIT_CONVERSION = YES;
				GCC_WARN_ABOUT_RETURN_TYPE = YES_ERROR;
				GCC_WARN_UNDECLARED_SELECTOR = YES;
				GCC_WARN_UNINITIALIZED_AUTOS = YES_AGGRESSIVE;
				GCC_WARN_UNUSED_FUNCTION = YES;
				GCC_WARN_UNUSED_VARIABLE = YES;
				LOCALIZATION_PREFERS_STRING_CATALOGS = YES;
				MTL_ENABLE_DEBUG_INFO = INCLUDE_SOURCE;
				MTL_FAST_MATH = YES;
				ONLY_ACTIVE_ARCH = YES;
				SWIFT_ACTIVE_COMPILATION_CONDITIONS = "DEBUG $(inherited)";
				SWIFT_OPTIMIZATION_LEVEL = "-Onone";
			};
			name = Debug;
		};
		B1FD8AE32C1A5C8A000D0F37 /* Release */ = {
			isa = XCBuildConfiguration;
			buildSettings = {
				ALWAYS_SEARCH_USER_PATHS = NO;
				ASSETCATALOG_COMPILER_GENERATE_SWIFT_ASSET_SYMBOL_EXTENSIONS = YES;
				CLANG_ANALYZER_NONNULL = YES;
				CLANG_ANALYZER_NUMBER_OBJECT_CONVERSION = YES_AGGRESSIVE;
				CLANG_CXX_LANGUAGE_STANDARD = "gnu++20";
				CLANG_ENABLE_MODULES = YES;
				CLANG_ENABLE_OBJC_ARC = YES;
				CLANG_ENABLE_OBJC_WEAK = YES;
				CLANG_WARN_BLOCK_CAPTURE_AUTORELEASING = YES;
				CLANG_WARN_BOOL_CONVERSION = YES;
				CLANG_WARN_COMMA = YES;
				CLANG_WARN_CONSTANT_CONVERSION = YES;
				CLANG_WARN_DEPRECATED_OBJC_IMPLEMENTATIONS = YES;
				CLANG_WARN_DIRECT_OBJC_ISA_USAGE = YES_ERROR;
				CLANG_WARN_DOCUMENTATION_COMMENTS = YES;
				CLANG_WARN_EMPTY_BODY = YES;
				CLANG_WARN_ENUM_CONVERSION = YES;
				CLANG_WARN_INFINITE_RECURSION = YES;
				CLANG_WARN_INT_CONVERSION = YES;
				CLANG_WARN_NON_LITERAL_NULL_CONVERSION = YES;
				CLANG_WARN_OBJC_IMPLICIT_RETAIN_SELF = YES;
				CLANG_WARN_OBJC_LITERAL_CONVERSION = YES;
				CLANG_WARN_OBJC_ROOT_CLASS = YES_ERROR;
				CLANG_WARN_QUOTED_INCLUDE_IN_FRAMEWORK_HEADER = YES;
				CLANG_WARN_RANGE_LOOP_ANALYSIS = YES;
				CLANG_WARN_STRICT_PROTOTYPES = YES;
				CLANG_WARN_SUSPICIOUS_MOVE = YES;
				CLANG_WARN_UNGUARDED_AVAILABILITY = YES_AGGRESSIVE;
				CLANG_WARN_UNREACHABLE_CODE = YES;
				CLANG_WARN__DUPLICATE_METHOD_MATCH = YES;
				COPY_PHASE_STRIP = NO;
				DEAD_CODE_STRIPPING = YES;
				DEBUG_INFORMATION_FORMAT = "dwarf-with-dsym";
				ENABLE_NS_ASSERTIONS = NO;
				ENABLE_STRICT_OBJC_MSGSEND = YES;
				ENABLE_USER_SCRIPT_SANDBOXING = YES;
				GCC_C_LANGUAGE_STANDARD = gnu17;
				GCC_NO_COMMON_BLOCKS = YES;
				GCC_WARN_64_TO_32_BIT_CONVERSION = YES;
				GCC_WARN_ABOUT_RETURN_TYPE = YES_ERROR;
				GCC_WARN_UNDECLARED_SELECTOR = YES;
				GCC_WARN_UNINITIALIZED_AUTOS = YES_AGGRESSIVE;
				GCC_WARN_UNUSED_FUNCTION = YES;
				GCC_WARN_UNUSED_VARIABLE = YES;
				LOCALIZATION_PREFERS_STRING_CATALOGS = YES;
				MTL_ENABLE_DEBUG_INFO = NO;
				MTL_FAST_MATH = YES;
				SWIFT_COMPILATION_MODE = wholemodule;
			};
			name = Release;
		};
		B1FD8AE52C1A5C8A000D0F37 /* Debug */ = {
			isa = XCBuildConfiguration;
			buildSettings = {
				ASSETCATALOG_COMPILER_APPICON_NAME = AppIcon;
				ASSETCATALOG_COMPILER_GLOBAL_ACCENT_COLOR_NAME = AccentColor;
				CODE_SIGN_ENTITLEMENTS = Platinum/Platinum.entitlements;
				CODE_SIGN_STYLE = Automatic;
				CURRENT_PROJECT_VERSION = 2;
				DEAD_CODE_STRIPPING = YES;
				DEVELOPMENT_ASSET_PATHS = "\"Platinum/Preview Content\"";
				DEVELOPMENT_TEAM = DDDAQ32TPA;
				ENABLE_HARDENED_RUNTIME = YES;
				ENABLE_PREVIEWS = YES;
				GENERATE_INFOPLIST_FILE = YES;
				INFOPLIST_KEY_CFBundleDisplayName = Platinum;
				INFOPLIST_KEY_LSApplicationCategoryType = "public.app-category.finance";
				"INFOPLIST_KEY_UIApplicationSceneManifest_Generation[sdk=iphoneos*]" = YES;
				"INFOPLIST_KEY_UIApplicationSceneManifest_Generation[sdk=iphonesimulator*]" = YES;
				"INFOPLIST_KEY_UIApplicationSupportsIndirectInputEvents[sdk=iphoneos*]" = YES;
				"INFOPLIST_KEY_UIApplicationSupportsIndirectInputEvents[sdk=iphonesimulator*]" = YES;
				"INFOPLIST_KEY_UILaunchScreen_Generation[sdk=iphoneos*]" = YES;
				"INFOPLIST_KEY_UILaunchScreen_Generation[sdk=iphonesimulator*]" = YES;
				"INFOPLIST_KEY_UIStatusBarStyle[sdk=iphoneos*]" = UIStatusBarStyleDefault;
				"INFOPLIST_KEY_UIStatusBarStyle[sdk=iphonesimulator*]" = UIStatusBarStyleDefault;
				INFOPLIST_KEY_UISupportedInterfaceOrientations_iPad = "UIInterfaceOrientationPortrait UIInterfaceOrientationPortraitUpsideDown UIInterfaceOrientationLandscapeLeft UIInterfaceOrientationLandscapeRight";
				INFOPLIST_KEY_UISupportedInterfaceOrientations_iPhone = "UIInterfaceOrientationPortrait UIInterfaceOrientationLandscapeLeft UIInterfaceOrientationLandscapeRight";
				IPHONEOS_DEPLOYMENT_TARGET = 17.4;
				LD_RUNPATH_SEARCH_PATHS = "@executable_path/Frameworks";
				"LD_RUNPATH_SEARCH_PATHS[sdk=macosx*]" = "@executable_path/../Frameworks";
				MACOSX_DEPLOYMENT_TARGET = 14.5;
				MARKETING_VERSION = 1.8;
				PRODUCT_BUNDLE_IDENTIFIER = com.breakawaydesign.Platinum;
				PRODUCT_NAME = "$(TARGET_NAME)";
				SDKROOT = auto;
				SUPPORTED_PLATFORMS = "iphoneos iphonesimulator";
				SUPPORTS_MACCATALYST = NO;
				SUPPORTS_MAC_DESIGNED_FOR_IPHONE_IPAD = YES;
				SWIFT_EMIT_LOC_STRINGS = YES;
				SWIFT_VERSION = 5.0;
				TARGETED_DEVICE_FAMILY = 1;
			};
			name = Debug;
		};
		B1FD8AE62C1A5C8A000D0F37 /* Release */ = {
			isa = XCBuildConfiguration;
			buildSettings = {
				ASSETCATALOG_COMPILER_APPICON_NAME = AppIcon;
				ASSETCATALOG_COMPILER_GLOBAL_ACCENT_COLOR_NAME = AccentColor;
				CODE_SIGN_ENTITLEMENTS = Platinum/Platinum.entitlements;
				CODE_SIGN_STYLE = Automatic;
				CURRENT_PROJECT_VERSION = 2;
				DEAD_CODE_STRIPPING = YES;
				DEVELOPMENT_ASSET_PATHS = "\"Platinum/Preview Content\"";
				DEVELOPMENT_TEAM = DDDAQ32TPA;
				ENABLE_HARDENED_RUNTIME = YES;
				ENABLE_PREVIEWS = YES;
				GENERATE_INFOPLIST_FILE = YES;
				INFOPLIST_KEY_CFBundleDisplayName = Platinum;
				INFOPLIST_KEY_LSApplicationCategoryType = "public.app-category.finance";
				"INFOPLIST_KEY_UIApplicationSceneManifest_Generation[sdk=iphoneos*]" = YES;
				"INFOPLIST_KEY_UIApplicationSceneManifest_Generation[sdk=iphonesimulator*]" = YES;
				"INFOPLIST_KEY_UIApplicationSupportsIndirectInputEvents[sdk=iphoneos*]" = YES;
				"INFOPLIST_KEY_UIApplicationSupportsIndirectInputEvents[sdk=iphonesimulator*]" = YES;
				"INFOPLIST_KEY_UILaunchScreen_Generation[sdk=iphoneos*]" = YES;
				"INFOPLIST_KEY_UILaunchScreen_Generation[sdk=iphonesimulator*]" = YES;
				"INFOPLIST_KEY_UIStatusBarStyle[sdk=iphoneos*]" = UIStatusBarStyleDefault;
				"INFOPLIST_KEY_UIStatusBarStyle[sdk=iphonesimulator*]" = UIStatusBarStyleDefault;
				INFOPLIST_KEY_UISupportedInterfaceOrientations_iPad = "UIInterfaceOrientationPortrait UIInterfaceOrientationPortraitUpsideDown UIInterfaceOrientationLandscapeLeft UIInterfaceOrientationLandscapeRight";
				INFOPLIST_KEY_UISupportedInterfaceOrientations_iPhone = "UIInterfaceOrientationPortrait UIInterfaceOrientationLandscapeLeft UIInterfaceOrientationLandscapeRight";
				IPHONEOS_DEPLOYMENT_TARGET = 17.4;
				LD_RUNPATH_SEARCH_PATHS = "@executable_path/Frameworks";
				"LD_RUNPATH_SEARCH_PATHS[sdk=macosx*]" = "@executable_path/../Frameworks";
				MACOSX_DEPLOYMENT_TARGET = 14.5;
				MARKETING_VERSION = 1.8;
				PRODUCT_BUNDLE_IDENTIFIER = com.breakawaydesign.Platinum;
				PRODUCT_NAME = "$(TARGET_NAME)";
				SDKROOT = auto;
				SUPPORTED_PLATFORMS = "iphoneos iphonesimulator";
				SUPPORTS_MACCATALYST = NO;
				SUPPORTS_MAC_DESIGNED_FOR_IPHONE_IPAD = YES;
				SWIFT_EMIT_LOC_STRINGS = YES;
				SWIFT_VERSION = 5.0;
				TARGETED_DEVICE_FAMILY = 1;
			};
			name = Release;
		};
/* End XCBuildConfiguration section */

/* Begin XCConfigurationList section */
		B1FD8AD02C1A5C88000D0F37 /* Build configuration list for PBXProject "Platinum" */ = {
			isa = XCConfigurationList;
			buildConfigurations = (
				B1FD8AE22C1A5C8A000D0F37 /* Debug */,
				B1FD8AE32C1A5C8A000D0F37 /* Release */,
			);
			defaultConfigurationIsVisible = 0;
			defaultConfigurationName = Release;
		};
		B1FD8AE42C1A5C8A000D0F37 /* Build configuration list for PBXNativeTarget "Platinum" */ = {
			isa = XCConfigurationList;
			buildConfigurations = (
				B1FD8AE52C1A5C8A000D0F37 /* Debug */,
				B1FD8AE62C1A5C8A000D0F37 /* Release */,
			);
			defaultConfigurationIsVisible = 0;
			defaultConfigurationName = Release;
		};
/* End XCConfigurationList section */

/* Begin XCRemoteSwiftPackageReference section */
		B136CA492C2917AA00A23278 /* XCRemoteSwiftPackageReference "firebase-ios-sdk" */ = {
			isa = XCRemoteSwiftPackageReference;
			repositoryURL = "https://github.com/firebase/firebase-ios-sdk";
			requirement = {
				kind = upToNextMajorVersion;
				minimumVersion = 10.28.0;
			};
		};
		B14694AB2C3A08F700B3C8FE /* XCRemoteSwiftPackageReference "SwiftSoup" */ = {
			isa = XCRemoteSwiftPackageReference;
			repositoryURL = "https://github.com/scinfu/SwiftSoup.git";
			requirement = {
				kind = upToNextMajorVersion;
				minimumVersion = 2.7.2;
			};
		};
/* End XCRemoteSwiftPackageReference section */

/* Begin XCSwiftPackageProductDependency section */
		B136CA4A2C2917AA00A23278 /* FirebaseAuth */ = {
			isa = XCSwiftPackageProductDependency;
			package = B136CA492C2917AA00A23278 /* XCRemoteSwiftPackageReference "firebase-ios-sdk" */;
			productName = FirebaseAuth;
		};
		B136CA4C2C2917AA00A23278 /* FirebaseFirestore */ = {
			isa = XCSwiftPackageProductDependency;
			package = B136CA492C2917AA00A23278 /* XCRemoteSwiftPackageReference "firebase-ios-sdk" */;
			productName = FirebaseFirestore;
		};
		B136CA4E2C2917AA00A23278 /* FirebaseStorage */ = {
			isa = XCSwiftPackageProductDependency;
			package = B136CA492C2917AA00A23278 /* XCRemoteSwiftPackageReference "firebase-ios-sdk" */;
			productName = FirebaseStorage;
		};
		B14694AC2C3A08F700B3C8FE /* SwiftSoup */ = {
			isa = XCSwiftPackageProductDependency;
			package = B14694AB2C3A08F700B3C8FE /* XCRemoteSwiftPackageReference "SwiftSoup" */;
			productName = SwiftSoup;
		};
/* End XCSwiftPackageProductDependency section */
	};
	rootObject = B1FD8ACD2C1A5C88000D0F37 /* Project object */;
}
